version = 1
revision = 3
requires-python = ">=3.12"

[[package]]
name = "adafruit-blinka"
version = "9.2.0"
source = { registry = "https://pypi.org/simple" }
dependencies = [
    { name = "adafruit-circuitpython-typing" },
    { name = "adafruit-platformdetect" },
    { name = "adafruit-pureio" },
    { name = "binho-host-adapter" },
    { name = "pyftdi" },
    { name = "sysv-ipc", marker = "platform_machine != 'mips' and sys_platform == 'linux'" },
]
sdist = { url = "https://files.pythonhosted.org/packages/ae/ee/63370e529cb21a56406b58773ab2e97c3bffd8dec391746df1fe238e3c1e/adafruit_blinka-9.2.0.tar.gz", hash = "sha256:0358f02840f91127246d9c5fa6d49660e2ab1134cc4e56fd5d88ce4c39a50942", size = 937569, upload-time = "2026-07-30T18:02:52.711Z" }
wheels = [
    { url = "https://files.pythonhosted.org/packages/d9/e1/62809e4d3f24f433e27e66f03afab7aa653627c7fbb9ddad9088032b6366/adafruit_blinka-9.2.0-py3-none-any.whl", hash = "sha256:ba761bd1eb5fd7c6626e2505dd7e63b0df9b7859eea91d952aba4ee2bec83ee9", size = 1064581, upload-time = "2026-07-30T18:02:51.066Z" },
]

[[package]]
name = "adafruit-circuitpython-busdevice"
version = "5.2.17"
source = { registry = "https://pypi.org/simple" }
dependencies = [
    { name = "adafruit-blinka" },
    { name = "adafruit-circuitpython-typing" },
]
sdist = { url = "https://files.pythonhosted.org/packages/40/c0/f789bfc16d2e7eed23171f264b961ceb25314ba92d733be5bd47a4ecb23e/adafruit_circuitpython_busdevice-5.2.17.tar.gz", hash = "sha256:01887ba0056d3635536f0bf1e580a2969c67fc2c4c7b42a4093bcf7a3308bc9b", size = 24423, upload-time = "2026-04-23T21:18:13.438Z" }
wheels = [
    { url = "https://files.pythonhosted.org/packages/42/0d/66a4e0fbd7b35107f7dee04fed890f77b83d1da9dd1f7474af2ed21700ea/adafruit_circuitpython_busdevice-5.2.17-py3-none-any.whl", hash = "sha256:5a834fbe0b88b07d20494bec566815da154aa4b1b668e2e665277b34b3578e44", size = 7494, upload-time = "2026-04-23T21:18:12.284Z" },
]

[[package]]
name = "adafruit-circuitpython-connectionmanager"
version = "3.1.8"
source = { registry = "https://pypi.org/simple" }
dependencies = [
    { name = "adafruit-blinka" },
]
sdist = { url = "https://files.pythonhosted.org/packages/a0/29/1653838bc0e5c6119fa2b03edb58b592a2475e7cf99810064a99e5eb8994/adafruit_circuitpython_connectionmanager-3.1.8.tar.gz", hash = "sha256:ce7436d62ac26312fbd2fc7d8f70ab0582a7c7807d7033ae5bd5cb53e4f66f3b", size = 33828, upload-time = "2026-04-23T21:18:42.138Z" }
wheels = [
    { url = "https://files.pythonhosted.org/packages/e4/43/929d17e5dbe0773e3a3c728b12cf1a777ada32639764b09365a1b56703c0/adafruit_circuitpython_connectionmanager-3.1.8-py3-none-any.whl", hash = "sha256:f93e27874a840f728b5cdbb1bcf0aee4e75ed1c0ba46b4562606ac3ac3ea2cca", size = 7755, upload-time = "2026-04-23T21:18:40.984Z" },
]

[[package]]
name = "adafruit-circuitpython-dht"
version = "4.0.12"
source = { registry = "https://pypi.org/simple" }
dependencies = [
    { name = "adafruit-blinka" },
]
sdist = { url = "https://files.pythonhosted.org/packages/05/35/6d6b3ceb3befe2832d9610b17ace2702fb0b6481ec498855117f44bde1d3/adafruit_circuitpython_dht-4.0.12.tar.gz", hash = "sha256:a20575d8e9d191e26802f0d432cf2bdee1b646d4d16650cb63e848c590a9cced", size = 27364, upload-time = "2026-04-23T20:56:00.703Z" }
wheels = [
    { url = "https://files.pythonhosted.org/packages/72/6e/096f1ff1c1ff18492f71c0009fc91cc932cf048782723edb5d1b4856b4e1/adafruit_circuitpython_dht-4.0.12-py3-none-any.whl", hash = "sha256:8ade2a0f037ee703f2ddba51d3cfbe564d97c5e8905c3ab95eda4a6b0a8b6ff0", size = 7885, upload-time = "2026-04-23T20:55:59.429Z" },
]

[[package]]
name = "adafruit-circuitpython-requests"
version = "4.1.17"
source = { registry = "https://pypi.org/simple" }
dependencies = [
    { name = "adafruit-blinka" },
    { name = "adafruit-circuitpython-connectionmanager" },
]
sdist = { url = "https://files.pythonhosted.org/packages/bc/5c/cb31dd0a6e56a92bd9bf672539ba6102204bc443fe9af9a5f8e893b99169/adafruit_circuitpython_requests-4.1.17.tar.gz", hash = "sha256:7259976be340324d34da1ba6f4b935430b46ceece2e5c1632387a24e6f94e9a3", size = 67777, upload-time = "2026-04-23T21:24:48.423Z" }
wheels = [
    { url = "https://files.pythonhosted.org/packages/01/8c/15a2de09cc3c30793336cf79798948768611463ddfb2b2669f51569228fb/adafruit_circuitpython_requests-4.1.17-py3-none-any.whl", hash = "sha256:4c205188a052f52b3bb8ab4af97798d7d56ae3701857d31f03b164f029fae44f", size = 10841, upload-time = "2026-04-23T21:24:47.522Z" },
]

[[package]]
name = "adafruit-circuitpython-typing"
version = "1.12.3"
source = { registry = "https://pypi.org/simple" }
dependencies = [
    { name = "adafruit-blinka" },
    { name = "adafruit-circuitpython-busdevice" },
    { name = "adafruit-circuitpython-requests" },
    { name = "typing-extensions" },
]
sdist = { url = "https://files.pythonhosted.org/packages/65/a2/40a3440aed2375371507af668570b68523ee01db9c25c47ce5a05883170e/adafruit_circuitpython_typing-1.12.3.tar.gz", hash = "sha256:63f196f834e47842bcd4cf8c37aaa0c61e1aeb5d07f056c875fc3016cda91a12", size = 25603, upload-time = "2025-10-27T18:17:38.56Z" }
wheels = [
    { url = "https://files.pythonhosted.org/packages/cc/a1/578a03ba2bce0809b4e30974b47958963c9efe67b9fe74e7dbcdbbd45318/adafruit_circuitpython_typing-1.12.3-py3-none-any.whl", hash = "sha256:f6d0a02150e1e4efb5a2c2945b88d948809fdb465875f39947108b8467c986d9", size = 11014, upload-time = "2025-10-27T18:17:37.771Z" },
]

[[package]]
name = "adafruit-platformdetect"
version = "3.89.1"
source = { registry = "https://pypi.org/simple" }
sdist = { url = "https://files.pythonhosted.org/packages/43/9b/96e46cb5eb2cf4119ff4bf0f840221704de29e2eed03976c4b291d483174/adafruit_platformdetect-3.89.1.tar.gz", hash = "sha256:74552d1afcf779a84ca63527a1eaee9995c429ff422db15492bad0c3599cab4b", size = 49753, upload-time = "2026-06-24T18:28:39.069Z" }
wheels = [
    { url = "https://files.pythonhosted.org/packages/ff/0b/193ac7ed72f1ecdf6d4817aab86157f9198ed22e5725f03b9945baad5389/adafruit_platformdetect-3.89.1-py3-none-any.whl", hash = "sha256:d13c206dc37e399cccda953be9b1d3709c549d05be484b1c2da8077043c0beab", size = 27108, upload-time = "2026-06-24T18:28:37.959Z" },
]

[[package]]
name = "adafruit-pureio"
version = "1.1.12"
source = { registry = "https://pypi.org/simple" }
sdist = { url = "https://files.pythonhosted.org/packages/8a/41/f4c4ae2523ad8a9c839e1814af8db068c33266a23c2d9908512cdbef0b96/adafruit_pureio-1.1.12.tar.gz", hash = "sha256:1ebb8416528ff710570fb0ad321fed885d50bec748cccd2935e9fd6b336c1d08", size = 35626, upload-time = "2026-09-24T19:44:08.974Z" }
wheels = [
    { url = "https://files.pythonhosted.org/packages/7f/6b/bd117a81d66e18e319bcc10de2070d3ac42307e62218ad63523b2a3c4c7f/adafruit_pureio-1.1.12-py3-none-any.whl", hash = "sha256:9904fb9519bca14e6c8dcb83913244258977c7e946dd0210de1041fc0bc97f3d", size = 10738, upload-time = "2026-09-24T19:44:07.922Z" },
]

[[package]]
name = "binho-host-adapter"
version = "0.1.6"
source = { registry = "https://pypi.org/simple" }
dependencies = [
    { name = "pyserial" },
]
sdist = { url = "https://files.pythonhosted.org/packages/68/36/29b7b896e83e195fac6d64ccff95c0f24a18ee86e7437a22e60e0331d90a/binho-host-adapter-0.1.6.tar.gz", hash = "sha256:1e6da7a84e208c13b5f489066f05774bff1d593d0f5bf1ca149c2b8e83eae856", size = 10068, upload-time = "2020-06-04T19:38:11.789Z" }
wheels = [
    { url = "https://files.pythonhosted.org/packages/7b/6b/0f13486003aea3eb349c2946b7ec9753e7558b78e35d22c938062a96959c/binho_host_adapter-0.1.6-py3-none-any.whl", hash = "sha256:f71ca176c1e2fc1a5dce128beb286da217555c6c7c805f2ed282a6f3507ec277", size = 10540, upload-time = "2020-06-04T19:38:10.612Z" },
]

[[package]]
name = "dnspython"
version = "2.8.0"
source = { registry = "https://pypi.org/simple" }
sdist = { url = "https://files.pythonhosted.org/packages/8c/8b/57666417c0f90f08bcafa776861060426765fdb422eb10212086fb811d26/dnspython-2.8.0.tar.gz", hash = "sha256:181d3c6996452cb1189c4046c61599b84a5a86e099562ffde77d26984ff26d0f", size = 368251, upload-time = "2025-09-07T18:58:00.022Z" }
wheels = [
    { url = "https://files.pythonhosted.org/packages/ba/5a/18ad964b0086c6e62e2e7500f7edc89e3faa45033c71c1893d34eed2b2de/dnspython-2.8.0-py3-none-any.whl", hash = "sha256:01d9bbc4a2d76bf0db7c1f729812ded6d912bd318d3b1cf81d30c0f845dbf3af", size = 331094, upload-time = "2025-09-07T18:57:58.071Z" },
]

[[package]]
name = "iot"
version = "0.1.0"
source = { virtual = "." }
dependencies = [
    { name = "adafruit-circuitpython-dht" },
    { name = "paho-mqtt" },
    { name = "pymongo" },
    { name = "python-dotenv" },
    { name = "rpi-gpio" },
    { name = "rpi-lcd" },
]

[package.dev-dependencies]
dev = [
    { name = "ty" },
]

[package.metadata]
requires-dist = [
    { name = "adafruit-circuitpython-dht", specifier = ">=4.0.12" },
    { name = "paho-mqtt", specifier = ">=2.1.0" },
    { name = "pymongo", specifier = ">=4.18.2" },
    { name = "python-dotenv", specifier = ">=1.0.0" },
    { name = "rpi-gpio", specifier = ">=0.7.1" },
    { name = "rpi-lcd", specifier = ">=0.0.3" },
]

[package.metadata.requires-dev]
dev = [{ name = "ty", specifier = ">=0.0.84" }]

[[package]]
name = "paho-mqtt"
version = "2.1.0"
source = { registry = "https://pypi.org/simple" }
sdist = { url = "https://files.pythonhosted.org/packages/39/15/0a6214e76d4d32e7f663b109cf71fb22561c2be0f701d67f93950cd40542/paho_mqtt-2.1.0.tar.gz", hash = "sha256:12d6e7511d4137555a3f6ea167ae846af2c7357b10bc6fa4f7c3968fc1723834", size = 148848, upload-time = "2024-04-29T19:52:55.591Z" }
wheels = [
    { url = "https://files.pythonhosted.org/packages/c4/cb/00451c3cf31790287768bb12c6bec834f5d292eaf3022afc88e14b8afc94/paho_mqtt-2.1.0-py3-none-any.whl", hash = "sha256:6db9ba9b34ed5bc6b6e3812718c7e06e2fd7444540df2455d2c51bd58808feee", size = 67219, upload-time = "2024-04-29T19:52:48.345Z" },
]

[[package]]
name = "pyftdi"
version = "0.57.2"
source = { registry = "https://pypi.org/simple" }
dependencies = [
    { name = "pyserial" },
    { name = "pyusb" },
]
wheels = [
    { url = "https://files.pythonhosted.org/packages/7b/de/260694fa63dab6629c6ba7c2315de64dbd766eb761198b61fba96cbe7ea4/pyftdi-0.57.2-py3-none-any.whl", hash = "sha256:dec3acdc262594d8b1850a6aee608b861c2973f90011faf5cccae3107d3c67a4", size = 146319, upload-time = "2026-06-02T16:14:37.818Z" },
]

[[package]]
name = "pymongo"
version = "4.18.2"
source = { registry = "https://pypi.org/simple" }
dependencies = [
    { name = "dnspython" },
]
sdist = { url = "https://files.pythonhosted.org/packages/dc/04/455039b475bb8afa5af9b8c363fb773a45d898016f04ee40c1c75003a3f9/pymongo-4.18.2.tar.gz", hash = "sha256:1bd4321cc63c06954953eae9eb8fb5d9075296b96c0e3ed34ccb91a0dcce31a5", size = 2746691, upload-time = "2026-09-24T16:59:59.472Z" }
wheels = [
    { url = "https://files.pythonhosted.org/packages/10/eb/995ec978741cfc56a29223ec0806976218b95d79a516d9b719c984ead130/pymongo-4.18.2-cp312-cp312-macosx_10_13_x86_64.whl", hash = "sha256:78a3b324407ba7228a57f207e175efc40341c1312d1e7df2d4ad8141ff6d8e00", size = 819057, upload-time = "2026-09-24T16:58:35.844Z" },
    { url = "https://files.pythonhosted.org/packages/40/e4/5a166bbac7f6e620cfb75b0640e793dd3ce69423a1f89cf6a0bfc588c107/pymongo-4.18.2-cp312-cp312-macosx_11_0_arm64.whl", hash = "sha256:498187b5171d5efa87291b30e4cbf1e9849929c02bc436e95a3d01ff19e49f42", size = 819448, upload-time = "2026-09-24T16:58:37.221Z" },
    { url = "https://files.pythonhosted.org/packages/c9/c8/82194d9a1387a56cac996901f92ea6a25ae817622ee32d15c986638b263f/pymongo-4.18.2-cp312-cp312-manylinux1_i686.manylinux_2_28_i686.manylinux_2_5_i686.whl", hash = "sha256:2c003646d3fa5db4e835483fc29018eb06d8c637cf69f676ffbb3f0734005220", size = 1039602, upload-time = "2026-09-24T16:58:38.821Z" },
    { url = "https://files.pythonhosted.org/packages/cc/06/628f93f15f269d8a1ea20a024083e67871f722876a33992aec5525a6c6c4/pymongo-4.18.2-cp312-cp312-manylinux2014_aarch64.manylinux_2_17_aarch64.manylinux_2_28_aarch64.whl", hash = "sha256:c743347143298252948e038f768ea6f71b71ef8a85b7cf0dc13b734e072f74da", size = 1050746, upload-time = "2026-09-24T16:58:40.322Z" },
    { url = "https://files.pythonhosted.org/packages/bf/93/58ea76803128651ec9c732b59b8c1eb73d511c085c2e5786da3289d4015c/pymongo-4.18.2-cp312-cp312-manylinux2014_ppc64le.manylinux_2_17_ppc64le.manylinux_2_28_ppc64le.whl", hash = "sha256:09e6afa68001433c42925a258b57f2ceccb95c73fe8920452e147a82d90c1ae9", size = 1075681, upload-time = "2026-09-24T16:58:41.722Z" },
    { url = "https://files.pythonhosted.org/packages/7c/6d/702ee4593420e2a8ceb169ece6394f0bb9fc2e8e8d8101e99f2468ed6d0d/pymongo-4.18.2-cp312-cp312-manylinux2014_s390x.manylinux_2_17_s390x.manylinux_2_28_s390x.whl", hash = "sha256:8d3445caeeb47dc64bf416dc03e0b3bfcf3b60a109dec355a563aa62c135cb33", size = 1068235, upload-time = "2026-09-24T16:58:43.228Z" },
    { url = "https://files.pythonhosted.org/packages/a9/92/a02a4108ca4faf05bca394d65dcebc7b84b0248cff23aa89927c81a0d5dd/pymongo-4.18.2-cp312-cp312-manylinux2014_x86_64.manylinux_2_17_x86_64.manylinux_2_28_x86_64.whl", hash = "sha256:ecde9e735e1f86559e0a71a5bbec671e59a35549bfd8c60968d9f032b05013de", size = 1049896, upload-time = "2026-09-24T16:58:44.914Z" },
    { url = "https://files.pythonhosted.org/packages/6e/93/65ef17eecdd86c153f7907b2d490d85eb655d3a5eb35a8494e7e09376353/pymongo-4.18.2-cp312-cp312-win32.whl", hash = "sha256:a463c3fc072655b7fe9e9ded4601876bef7f1df98f6f3faeed07fa7f11309fff", size = 815124, upload-time = "2026-09-24T16:58:46.39Z" },
    { url = "https://files.pythonhosted.org/packages/3c/cc/fd66aa9d8956e8269ea63b2977a7fd38fbec45795d38b8067bfafc98992f/pymongo-4.18.2-cp312-cp312-win_amd64.whl", hash = "sha256:cbb67901ba9b6334fa94643d66587a30ffe5be05061af287364e6b5f7d239dc5", size = 821996, upload-time = "2026-09-24T16:58:47.769Z" },
    { url = "https://files.pythonhosted.org/packages/06/21/983d340cfe226c987014f1caf9568b176cbd7f25dd87536379a609e6371e/pymongo-4.18.2-cp312-cp312-win_arm64.whl", hash = "sha256:94c5e0fe9af4c05f382ae7c4addd0255a8ddcc91b3d2a6bc09b34230cb28290b", size = 815707, upload-time = "2026-09-24T16:58:49.493Z" },
    { url = "https://files.pythonhosted.org/packages/c7/be/82ca9a311b8a89e918c7387d96135786e1edd2eedca43d62dffcb3af5846/pymongo-4.18.2-cp313-cp313-macosx_10_13_x86_64.whl", hash = "sha256:f3be3633a89888fc7443a5a416f74c66216839a5b7b550daaec4da0b1a7283be", size = 818977, upload-time = "2026-09-24T16:58:51.109Z" },
    { url = "https://files.pythonhosted.org/packages/43/38/4817e5ce653ed70162d1412cc74d15c29e88208cea7510967707e908a145/pymongo-4.18.2-cp313-cp313-macosx_11_0_arm64.whl", hash = "sha256:bd5ecb6d6fab1c5114e66477b1d60b0f3926975c41cf5508d38b28dd0eb6676e", size = 819319, upload-time = "2026-09-24T16:58:52.703Z" },
    { url = "https://files.pythonhosted.org/packages/f3/e9/b8f108ce7c47619e531e0f4a0963178eb9caa5c5da36f4454df8ae6fd15b/pymongo-4.18.2-cp313-cp313-manylinux1_i686.manylinux_2_28_i686.manylinux_2_5_i686.whl", hash = "sha256:63322fa1499d855a6e63673f8d183fc2d7ecd966702f73150b21e04e01dc0144", size = 1039779, upload-time = "2026-09-24T16:58:54.292Z" },
    { url = "https://files.pythonhosted.org/packages/e5/87/3a8394386d485c9c9e518c4e15dce91e9470c3a8b3a0a19e289eb3b9d262/pymongo-4.18.2-cp313-cp313-manylinux2014_aarch64.manylinux_2_17_aarch64.manylinux_2_28_aarch64.whl", hash = "sha256:979d1e88a20fe9d652f3db57fff55052ddb9022ac346ea55a32a8cfe4b56f90d", size = 1050543, upload-time = "2026-09-24T16:58:55.907Z" },
    { url = "https://files.pythonhosted.org/packages/68/7d/84962f4d8fe0f9e3f112c6b630c7ad9a9f74acd7865ace9ba1e82e1f096a/pymongo-4.18.2-cp313-cp313-manylinux2014_ppc64le.manylinux_2_17_ppc64le.manylinux_2_28_ppc64le.whl", hash = "sha256:ef9007562b907a0db6b158ae9e08510678991cc10ad1471de3635f9be737a68e", size = 1075500, upload-time = "2026-09-24T16:58:57.424Z" },
    { url = "https://files.pythonhosted.org/packages/7b/4e/b20ffbc001958d597970567e9231664b8f4c68765376a349834577892fe3/pymongo-4.18.2-cp313-cp313-manylinux2014_s390x.manylinux_2_17_s390x.manylinux_2_28_s390x.whl", hash = "sha256:8b41d460c2281874232e6b4a5834bc3fb6cc718d80b6097c38d87ff19ee60898", size = 1067941, upload-time = "2026-09-24T16:58:59.014Z" },
    { url = "https://files.pythonhosted.org/packages/b4/ba/535911b6b35427e3fd31c17a89c9851c024df81779fe6dd473a4f0cdd0fd/pymongo-4.18.2-cp313-cp313-manylinux2014_x86_64.manylinux_2_17_x86_64.manylinux_2_28_x86_64.whl", hash = "sha256:6a57f28271cb325574bd12ad7b3747e545c5b7f560de9f175af7db7be0655639", size = 1049780, upload-time = "2026-09-24T16:59:00.716Z" },
    { url = "https://files.pythonhosted.org/packages/fb/d2/f37bdbbc1a11955dd2609d622aae6722c6cfd9f67528a62c8f80f4db6609/pymongo-4.18.2-cp313-cp313-win32.whl", hash = "sha256:c3f0adbefa29c772f4ebf09a6ac65426405435de199828bedc9534f182ad2fe3", size = 815166, upload-time = "2026-09-24T16:59:02.434Z" },
    { url = "https://files.pythonhosted.org/packages/5a/8a/dc8dac16d8a1c72008a1707046db333a4adaf3dec712c4433ac234e7890d/pymongo-4.18.2-cp313-cp313-win_amd64.whl", hash = "sha256:84f99563560a94321b7c3eb4a3bd0dc81f29a2f67a1da065f78641eff42f4a81", size = 821994, upload-time = "2026-09-24T16:59:04.127Z" },
    { url = "https://files.pythonhosted.org/packages/5c/c9/979b68292e3229a924280ba0c8d5fe4f92604271aa49ba09e497af4aa463/pymongo-4.18.2-cp313-cp313-win_arm64.whl", hash = "sha256:f319857f858a17e1c0e48159b65c89abe93d5ebf3423bb3e3891d8b67a68accd", size = 815730, upload-time = "2026-09-24T16:59:05.629Z" },
    { url = "https://files.pythonhosted.org/packages/ae/05/bbd7cc697e56a92821310b8b8f46f2f3cb787d37e9eb29feb179cb00406a/pymongo-4.18.2-cp314-cp314-macosx_10_15_x86_64.whl", hash = "sha256:1c89bd8b901f2e69e0b129feedcc487f4a526140637dcff4501a535b9e4cbd09", size = 818884, upload-time = "2026-09-24T16:59:07.296Z" },
    { url = "https://files.pythonhosted.org/packages/ec/c9/24b4d3c9ccac4b42729c4c11670de137dfd510fca710470bb74bb9a34854/pymongo-4.18.2-cp314-cp314-macosx_11_0_arm64.whl", hash = "sha256:d11b4bfe82f0ca45d2305f707ddb9f1edb345b10baed60a0384c1e6bc1ca3778", size = 819450, upload-time = "2026-09-24T16:59:09.224Z" },
    { url = "https://files.pythonhosted.org/packages/1b/c2/32b0d851cb94690053f25eabe859a655174098256a57d13ec04413a61600/pymongo-4.18.2-cp314-cp314-manylinux1_i686.manylinux_2_28_i686.manylinux_2_5_i686.whl", hash = "sha256:bad9e6898ac71e57dce337bdb5561722bd5a452e8e8ab6ca78afd69ae767761e", size = 1041542, upload-time = "2026-09-24T16:59:10.89Z" },
    { url = "https://files.pythonhosted.org/packages/18/91/242659838210f03059c7822a2f854043dfd7402f33e27a28b78cb42cd926/pymongo-4.18.2-cp314-cp314-manylinux2014_aarch64.manylinux_2_17_aarch64.manylinux_2_28_aarch64.whl", hash = "sha256:01036c697d9bd0f2bd0373f32b76f8f5ee0d412509ef2647ece22a032363e08d", size = 1051247, upload-time = "2026-09-24T16:59:12.816Z" },
    { url = "https://files.pythonhosted.org/packages/4b/c8/76cd0897a16676fa6bc03e0ddea853940157530bb58327b55ad1a399eeb9/pymongo-4.18.2-cp314-cp314-manylinux2014_ppc64le.manylinux_2_17_ppc64le.manylinux_2_28_ppc64le.whl", hash = "sha256:cc55d12749c34c79b3b7c366a41653bdbbeb2d6999743fef9445b7f8b328d0c0", size = 1075546, upload-time = "2026-09-24T16:59:14.431Z" },
    { url = "https://files.pythonhosted.org/packages/43/19/5aabaefc4f01db369af0ecf876b7cfbf7d23900f4d10457a803b1689c2dc/pymongo-4.18.2-cp314-cp314-manylinux2014_s390x.manylinux_2_17_s390x.manylinux_2_28_s390x.whl", hash = "sha256:3c43efaca0b1060d3f6c3c8ffa39f5a272959c9eb64fca7718e42d40cac201fa", size = 1064567, upload-time = "2026-09-24T16:59:16.111Z" },
    { url = "https://files.pythonhosted.org/packages/84/85/bcd7aa8a85785e5ab7e99a8f87c988a858b45350dc7f45dd5b91d0d3d200/pymongo-4.18.2-cp314-cp314-manylinux2014_x86_64.manylinux_2_17_x86_64.manylinux_2_28_x86_64.whl", hash = "sha256:7c8ac2c5a5dbdac98731e0078fc558066bec8d655f47ac19af8d5f8bf64208d5", size = 1049499, upload-time = "2026-09-24T16:59:17.759Z" },
    { url = "https://files.pythonhosted.org/packages/7d/62/b5dcd1475e6bcb5c099f03e1a8dee5f4a599f3b0bffbcada0b60144ee3a6/pymongo-4.18.2-cp314-cp314-win32.whl", hash = "sha256:0095668ed0374687bb4ec3d216c3ab35fce56d06485a4b192e3205c6509de778", size = 816300, upload-time = "2026-09-24T16:59:19.43Z" },
    { url = "https://files.pythonhosted.org/packages/14/35/4c6f1ceec6619de273b8948e7f04dd70941558f527735145920ff517744a/pymongo-4.18.2-cp314-cp314-win_amd64.whl", hash = "sha256:ba5e91646910a9f3292cfaee7a172877f3c74bdbab1994677ba44ee1382be7b5", size = 823500, upload-time = "2026-09-24T16:59:21.231Z" },
    { url = "https://files.pythonhosted.org/packages/af/13/233fa438a5c8f07ee9e33fd1bedb7305f07529c8ec01dfb49362e848f1f2/pymongo-4.18.2-cp314-cp314-win_arm64.whl", hash = "sha256:32e20e17aa7dedf07c53d05b198b70ef7d11b1cabe6248589099f5c99caa388c", size = 816850, upload-time = "2026-09-24T16:59:22.861Z" },
    { url = "https://files.pythonhosted.org/packages/d3/ee/d1899e9db48749b3600bfae3eb6da0d1fe8a789910870202cc55f04a35be/pymongo-4.18.2-cp314-cp314t-macosx_10_15_x86_64.whl", hash = "sha256:57e7475f2122a70f19030caba0c20f131a5ddd4c55eebecaa75173d6a655a3f1", size = 821863, upload-time = "2026-09-24T16:59:24.459Z" },
    { url = "https://files.pythonhosted.org/packages/31/f9/5a48db5c3734813fed15e78f557eb5bce35347bfaef3da31a237d0586d47/pymongo-4.18.2-cp314-cp314t-macosx_11_0_arm64.whl", hash = "sha256:2ed31b3ed297ce1d49affbaca03cc3ab52604c7e04c10a6d9699f65a62310f7d", size = 822287, upload-time = "2026-09-24T16:59:26.019Z" },
    { url = "https://files.pythonhosted.org/packages/be/1a/9f0b9f7992c710a9bc5f974c2a5d8f9042d7fb8f719342fd624607c6e26d/pymongo-4.18.2-cp314-cp314t-manylinux1_i686.manylinux_2_28_i686.manylinux_2_5_i686.whl", hash = "sha256:8670ff0cba9a021e99d40e86ef59537b7ae81a3617a2e7c10ebbc974ef42a379", size = 1105891, upload-time = "2026-09-24T16:59:27.896Z" },
    { url = "https://files.pythonhosted.org/packages/df/f0/3603c875adf6108e71c1e754f4a3901a7b57cda226ec91c51de55b5950e0/pymongo-4.18.2-cp314-cp314t-manylinux2014_aarch64.manylinux_2_17_aarch64.manylinux_2_28_aarch64.whl", hash = "sha256:21b5f1460ffa1d9f7fcd8f974c9d3dc2d6ff29433a55357edb97545efee9b70d", size = 1125444, upload-time = "2026-09-24T16:59:29.616Z" },
    { url = "https://files.pythonhosted.org/packages/a1/88/75b9f4095c5b90093c759d1a3831d698c2b58492d32c8be52a248923f51e/pymongo-4.18.2-cp314-cp314t-manylinux2014_ppc64le.manylinux_2_17_ppc64le.manylinux_2_28_ppc64le.whl", hash = "sha256:cd55a76ebbc0ae6504235224127be5549bd8ffa467acecc2a6fca82b8a155ddd", size = 1145149, upload-time = "2026-09-24T16:59:31.543Z" },
    { url = "https://files.pythonhosted.org/packages/8e/d4/5ed7320a48cbf971092727e48f106d667fe6e9682aebcc4732e18a66ddc1/pymongo-4.18.2-cp314-cp314t-manylinux2014_s390x.manylinux_2_17_s390x.manylinux_2_28_s390x.whl", hash = "sha256:39652ef4457fda30124873bd51080609ccd566edcc1ec81aa72614b0bc7e48db", size = 1136527, upload-time = "2026-09-24T16:59:33.85Z" },
    { url = "https://files.pythonhosted.org/packages/41/be/48522b884df7c901a657ac7d26d9e145fa40dc59ef33a1c8a42f013f85ba/pymongo-4.18.2-cp314-cp314t-manylinux2014_x86_64.manylinux_2_17_x86_64.manylinux_2_28_x86_64.whl", hash = "sha256:d171e48ace55c33fda8598a046f3271da6c62aa3118b173770ecfdb846b8f207", size = 1117480, upload-time = "2026-09-24T16:59:35.593Z" },
    { url = "https://files.pythonhosted.org/packages/a4/2d/cb6aa46acaa0c3e615d535976458d0d535c481512dfcc2be58a3b4024417/pymongo-4.18.2-cp314-cp314t-win32.whl", hash = "sha256:a600edbe98e20e282d7331289429fff14d6426a062c8fc2234af6618a36d6ac3", size = 819030, upload-time = "2026-09-24T16:59:37.235Z" },
    { url = "https://files.pythonhosted.org/packages/9e/ef/3ba4a20ebe5548b7749d472b00c7faf5e7e9824b6565e51dd76add046992/pymongo-4.18.2-cp314-cp314t-win_amd64.whl", hash = "sha256:1501f2dfd34cd435a2cd99e155d14fa53459c5f3b18ce86b0ff537d654ead6ea", size = 827700, upload-time = "2026-09-24T16:59:38.835Z" },
    { url = "https://files.pythonhosted.org/packages/1d/c7/d0340e5fe18e7351885924f9f20895c0bb23af5282052f97f35df6f4724f/pymongo-4.18.2-cp314-cp314t-win_arm64.whl", hash = "sha256:7beca033207a1ceb35f6f030d9d95bde7df09f1088312c932a64c29a6f0d7b88", size = 818008, upload-time = "2026-09-24T16:59:40.56Z" },
]

[[package]]
name = "pyserial"
version = "3.5"
source = { registry = "https://pypi.org/simple" }
sdist = { url = "https://files.pythonhosted.org/packages/1e/7d/ae3f0a63f41e4d2f6cb66a5b57197850f919f59e558159a4dd3a818f5082/pyserial-3.5.tar.gz", hash = "sha256:3c77e014170dfffbd816e6ffc205e9842efb10be9f58ec16d3e8675b4925cddb", size = 159125, upload-time = "2020-11-23T03:59:15.045Z" }
wheels = [
    { url = "https://files.pythonhosted.org/packages/07/bc/587a445451b253b285629263eb51c2d8e9bcea4fc97826266d186f96f558/pyserial-3.5-py2.py3-none-any.whl", hash = "sha256:c4451db6ba391ca6ca299fb3ec7bae67a5c55dde170964c7a14ceefec02f2cf0", size = 90585, upload-time = "2020-11-23T03:59:13.41Z" },
]

[[package]]
name = "python-dotenv"
version = "1.2.3"
source = { registry = "https://pypi.org/simple" }
sdist = { url = "https://files.pythonhosted.org/packages/6a/53/ed9d74092561d4b01a2ef1349d52cdbc135e526c245f366b089cfca6de49/python_dotenv-1.2.3.tar.gz", hash = "sha256:a20a594dabeaa385725aa239d5244871c143ecb356add8a20fcf23773a6c3a35", size = 58945, upload-time = "2026-08-16T16:54:54.067Z" }
wheels = [
    { url = "https://files.pythonhosted.org/packages/0d/17/c5c6b53ddc18f297992099b3d9ec16c855c0ccc83263a21fe4d1c625ec6c/python_dotenv-1.2.3-py3-none-any.whl", hash = "sha256:904552145e8bfed22162c09dab1c2b9b54fefa7b23ba780f4f26ca0316b0f0d9", size = 22780, upload-time = "2026-08-16T16:54:52.473Z" },
]

[[package]]
name = "pyusb"
version = "1.3.1"
source = { registry = "https://pypi.org/simple" }
sdist = { url = "https://files.pythonhosted.org/packages/00/6b/ce3727395e52b7b76dfcf0c665e37d223b680b9becc60710d4bc08b7b7cb/pyusb-1.3.1.tar.gz", hash = "sha256:3af070b607467c1c164f49d5b0caabe8ac78dbed9298d703a8dbf9df4052d17e", size = 77281, upload-time = "2025-01-08T23:45:01.866Z" }
wheels = [
    { url = "https://files.pythonhosted.org/packages/28/b8/27e6312e86408a44fe16bd28ee12dd98608b39f7e7e57884a24e8f29b573/pyusb-1.3.1-py3-none-any.whl", hash = "sha256:bf9b754557af4717fe80c2b07cc2b923a9151f5c08d17bdb5345dac09d6a0430", size = 58465, upload-time = "2025-01-08T23:45:00.029Z" },
]

[[package]]
name = "rpi-gpio"
version = "0.7.1"
source = { registry = "https://pypi.org/simple" }
sdist = { url = "https://files.pythonhosted.org/packages/c4/0f/10b524a12b3445af1c607c27b2f5ed122ef55756e29942900e5c950735f2/RPi.GPIO-0.7.1.tar.gz", hash = "sha256:cd61c4b03c37b62bba4a5acfea9862749c33c618e0295e7e90aa4713fb373b70", size = 29090, upload-time = "2022-02-06T15:15:06.022Z" }

[[package]]
name = "rpi-lcd"
version = "0.0.3"
source = { registry = "https://pypi.org/simple" }
dependencies = [
    { name = "smbus" },
]
sdist = { url = "https://files.pythonhosted.org/packages/1c/0b/aee69b701c654c474d873e121b65cbfb69212bf88d45f7dd791333686680/rpi-lcd-0.0.3.tar.gz", hash = "sha256:40a14ebbd6c261f631ac73775811194e384b21520cd262f05b06fd7047b3411c", size = 2487, upload-time = "2022-03-01T11:20:48.182Z" }

[[package]]
name = "smbus"
version = "1.1.post2"
source = { registry = "https://pypi.org/simple" }
sdist = { url = "https://files.pythonhosted.org/packages/4d/5c/70e14aa4f0c586efc017e1d1aa6e2f7921eefc7602fc2d03368ff912aa91/smbus-1.1.post2.tar.gz", hash = "sha256:f96d345e0aa10053a8a4917634f1dc37ba1f656fa5cace7629b71777e90855c6", size = 104988, upload-time = "2019-03-08T16:25:59.532Z" }

[[package]]
name = "sysv-ipc"
version = "1.2.0"
source = { registry = "https://pypi.org/simple" }
sdist = { url = "https://files.pythonhosted.org/packages/f2/5e/59208c6dd05ebc6f46ce2023c4fc01ffe814a1967d21b35d312c7e6ffeae/sysv_ipc-1.2.0.tar.gz", hash = "sha256:ef96ab33bb62e4d14142f0be0524dcc0c3c70c96442df2fc773c67b7c7514199", size = 102810, upload-time = "2026-01-09T14:05:02.231Z" }
wheels = [
    { url = "https://files.pythonhosted.org/packages/e7/98/b35eba27297a886931d69352c171cfd53ea9b4a9097d282f80556046bc39/sysv_ipc-1.2.0-cp312-cp312-manylinux2014_aarch64.manylinux_2_17_aarch64.manylinux_2_28_aarch64.whl", hash = "sha256:eb8cea6b912b467083941032f4b38269d86d1ec8f2dec0ca39694fedf6fd9acd", size = 72257, upload-time = "2026-01-09T14:04:23.289Z" },
    { url = "https://files.pythonhosted.org/packages/5d/6f/906724d4ca94cc5c0a6c419ed0ec2a0b64b41de6771590ebf9db59cc97db/sysv_ipc-1.2.0-cp312-cp312-manylinux2014_x86_64.manylinux_2_17_x86_64.manylinux_2_28_x86_64.whl", hash = "sha256:48865de17c9354a6c7740c47dc4d13f409afe43e4fc350b56df3ca5c10c1462d", size = 73309, upload-time = "2026-01-09T14:04:24.421Z" },
    { url = "https://files.pythonhosted.org/packages/ea/3a/818d7634f31484e35ffee1b018287a0007e24a98709d06ecc544e7c7cba8/sysv_ipc-1.2.0-cp312-cp312-musllinux_1_2_aarch64.whl", hash = "sha256:f69c30545a3280b4b7f2057fd3aedb7044e45894314752241802e697a00b5413", size = 70955, upload-time = "2026-01-09T14:04:25.172Z" },
    { url = "https://files.pythonhosted.org/packages/1b/80/e3881c84573206563191d8c13711382dc22bf54a7ae4d09d099271cf3703/sysv_ipc-1.2.0-cp312-cp312-musllinux_1_2_x86_64.whl", hash = "sha256:a000180848b59508bd862215998ee70c4cd4cd3081b0b066068e9287645cda35", size = 71223, upload-time = "2026-01-09T14:04:26.061Z" },
    { url = "https://files.pythonhosted.org/packages/a2/2d/2e4f55201cca54666c08468538348be4af16a52c7296bdd038a303e7be9f/sysv_ipc-1.2.0-cp313-cp313-manylinux2014_aarch64.manylinux_2_17_aarch64.manylinux_2_28_aarch64.whl", hash = "sha256:977f0e313c2e663000f0c316682ea2c3f6d2f86bbbdb1bcd274fea244a211df0", size = 72727, upload-time = "2026-01-09T14:04:28.317Z" },
    { url = "https://files.pythonhosted.org/packages/d0/6a/e04914984503317dd2481d6ff5fa9ab85e70960b79514309b0bcb0ef08d8/sysv_ipc-1.2.0-cp313-cp313-manylinux2014_x86_64.manylinux_2_17_x86_64.manylinux_2_28_x86_64.whl", hash = "sha256:f0b40e147277a954c41f94207dfab402bfa8371198c191b826d833b40c5e83e9", size = 73643, upload-time = "2026-01-09T14:04:29.234Z" },
    { url = "https://files.pythonhosted.org/packages/54/46/6f9aacbbf4c71ddce08f645bd67fa4223573a3191fd938acc926ca2b94c4/sysv_ipc-1.2.0-cp313-cp313-musllinux_1_2_aarch64.whl", hash = "sha256:83ff789f67477dc09424f674e1eb9195d8edd9b4044c3d5833d1a252d49034fc", size = 71319, upload-time = "2026-01-09T14:04:30.059Z" },
    { url = "https://files.pythonhosted.org/packages/34/21/0127cb9ecbc281c5b5a79d4be7a61e2d35442f72baaa1594e089dbe9206a/sysv_ipc-1.2.0-cp313-cp313-musllinux_1_2_x86_64.whl", hash = "sha256:fc541299c3af8351abff804e287a0c203338c140f70ee70855f46a1710cc0ff7", size = 71575, upload-time = "2026-01-09T14:04:32.011Z" },
    { url = "https://files.pythonhosted.org/packages/e4/a5/1d0f4a95ba040987266af995eb973f2d469fa61452cc925a8ff95401927f/sysv_ipc-1.2.0-cp314-cp314-manylinux2014_aarch64.manylinux_2_17_aarch64.manylinux_2_28_aarch64.whl", hash = "sha256:7dcdda15a2ead282545d007bd4fb5bfff844d2ac2b2f4a2b52ddcb2a38953968", size = 73168, upload-time = "2026-01-09T14:04:35.49Z" },
    { url = "https://files.pythonhosted.org/packages/8e/7a/25d2a8a7bde7165a0260d06e83a57ecfe8668802f31ffea47620cfcb56eb/sysv_ipc-1.2.0-cp314-cp314-manylinux2014_x86_64.manylinux_2_17_x86_64.manylinux_2_28_x86_64.whl", hash = "sha256:9c5bf97ac00370159973c17a29224ae6f277757cee704abd61be1ce5bfaf78b0", size = 74039, upload-time = "2026-01-09T14:04:36.709Z" },
    { url = "https://files.pythonhosted.org/packages/8f/77/2be88d40d24a780f56ca74ff01802f8cb548a1def4c50da7094720fcd41c/sysv_ipc-1.2.0-cp314-cp314-musllinux_1_2_aarch64.whl", hash = "sha256:201e18f6f32bd6542e0886668699c16ddcdcc37105b2643c2c50a044f22e437f", size = 72237, upload-time = "2026-01-09T14:04:37.729Z" },
    { url = "https://files.pythonhosted.org/packages/2f/04/b7657691f0274bd22fb66fc772e567c78dffb96f6943cbb16352e20b55a1/sysv_ipc-1.2.0-cp314-cp314-musllinux_1_2_x86_64.whl", hash = "sha256:4daecc8fae2a6335ed56095d19a3bda96e551ea78781cd53abda94cfe37b6cfe", size = 72400, upload-time = "2026-01-09T14:04:38.55Z" },
    { url = "https://files.pythonhosted.org/packages/cc/61/ff85f043f507d4d9d5a84411dfd18f8f896dc3f77d29f5f4f6ee1d48ec9c/sysv_ipc-1.2.0-cp314-cp314t-manylinux2014_aarch64.manylinux_2_17_aarch64.manylinux_2_28_aarch64.whl", hash = "sha256:17f8b31c09ed94d0fa95d64720426344e2ae5a06691a8f076ef3909145877958", size = 76984, upload-time = "2026-01-09T14:04:41.32Z" },
    { url = "https://files.pythonhosted.org/packages/ff/39/02d900a035c674c6e4edb263ea0061c0fa8389ad9a2270150dc2a1fee476/sysv_ipc-1.2.0-cp314-cp314t-manylinux2014_x86_64.manylinux_2_17_x86_64.manylinux_2_28_x86_64.whl", hash = "sha256:acd083316d0c5b2e7fb5b7a5db6ad8fb2400ea4ca3d1813692acd93656a51f79", size = 77179, upload-time = "2026-01-09T14:04:42.65Z" },
    { url = "https://files.pythonhosted.org/packages/46/5a/d269d9aca6f2eda908c58a244488bcca751004c8f954742fd8aadf2e0a6d/sysv_ipc-1.2.0-cp314-cp314t-musllinux_1_2_aarch64.whl", hash = "sha256:3eb7b8f8b577ec0fbde890f86c6f9dc365f3012b02e4e275a350427621df80ad", size = 75959, upload-time = "2026-01-09T14:04:43.569Z" },
    { url = "https://files.pythonhosted.org/packages/8d/13/a49595e0056dc607e7530b946c7b62f11ec514822c40d54d94287e534e9d/sysv_ipc-1.2.0-cp314-cp314t-musllinux_1_2_x86_64.whl", hash = "sha256:a65e64577082b109d49bd68db8facb6f3a08ddbbde4b76c87b1246490922ef2a", size = 75679, upload-time = "2026-01-09T14:04:44.4Z" },
]

[[package]]
name = "ty"
version = "0.0.84"
source = { registry = "https://pypi.org/simple" }
sdist = { url = "https://files.pythonhosted.org/packages/e1/f6/34f8869c45ea87fe6a931ffa824b1fe4428167173543d92988d631add355/ty-0.0.84.tar.gz", hash = "sha256:0cefdb0cd5d399418dbe83c349ba605047b7dff815ae6f460c80e8522b40be67", size = 7409537, upload-time = "2026-09-24T13:16:24.367Z" }
wheels = [
    { url = "https://files.pythonhosted.org/packages/aa/0c/600648778e1c79133ce6b6a5c4c2531ae16b90c9b30f5041b38b574f61b8/ty-0.0.84-py3-none-linux_armv6l.whl", hash = "sha256:868438e2b9abfc835dd5b5b07ed693db95d8348ac40e3228252511d63ae87695", size = 13935333, upload-time = "2026-09-24T13:15:31.167Z" },
    { url = "https://files.pythonhosted.org/packages/c5/3b/27f06f49945c36170765fad82076898039ae3873338e9865f876dd62f12c/ty-0.0.84-py3-none-macosx_10_12_x86_64.whl", hash = "sha256:b00f39b521f0b559cde0f6abf8dd47213b513b04f33d58efeb9b98486a16bb17", size = 13511328, upload-time = "2026-09-24T13:15:34.446Z" },
    { url = "https://files.pythonhosted.org/packages/fc/b6/b12dd130e7f30141f0645614f454c925991cd389b1cc6c8284fd6bf32326/ty-0.0.84-py3-none-macosx_11_0_arm64.whl", hash = "sha256:8f78c2915567f2ee62ce0c24d86091bc76f81577677755e242d09951db588b9a", size = 13445445, upload-time = "2026-09-24T13:15:37.476Z" },
    { url = "https://files.pythonhosted.org/packages/44/96/f012de4b3c1d9a4773326621380d768b4d48c47e620dc012775c5e01c7d7/ty-0.0.84-py3-none-manylinux_2_17_aarch64.manylinux2014_aarch64.whl", hash = "sha256:61155cad0921e890d86d1d911a40b3a0e924ef4bdc3b4f3865a6c89c7e3012dc", size = 13471235, upload-time = "2026-09-24T13:15:40.64Z" },
    { url = "https://files.pythonhosted.org/packages/05/32/dca630f5f5353fa7bf67eebccf1549df99b16656d21071d0df6677c826a5/ty-0.0.84-py3-none-manylinux_2_17_armv7l.manylinux2014_armv7l.whl", hash = "sha256:417c3bf14947ed16b0b92976ab333c27915590354e96d4f581709068d3811355", size = 13680704, upload-time = "2026-09-24T13:15:43.817Z" },
    { url = "https://files.pythonhosted.org/packages/44/8d/33702c8f62f05ad45b33644fb914d483de6a0a7bc8e51884e9b8773e6d69/ty-0.0.84-py3-none-manylinux_2_17_i686.manylinux2014_i686.whl", hash = "sha256:e06ef117759f654f5379efe9ae79bda8a186016c016f1023d05c34f8e15c1546", size = 14518923, upload-time = "2026-09-24T13:15:46.802Z" },
    { url = "https://files.pythonhosted.org/packages/c8/a1/da3246e6ef2ae0e842bca4058b25c54bee55ab058ffff4ee54e72517ec01/ty-0.0.84-py3-none-manylinux_2_17_ppc64le.manylinux2014_ppc64le.whl", hash = "sha256:a05d1d53db8b64410ab38c6e32c5898510584869d1d5dd9c0605db81c9aef7df", size = 15027731, upload-time = "2026-09-24T13:15:49.755Z" },
    { url = "https://files.pythonhosted.org/packages/20/17/b0099098a560aeb4f9fde6c912f9a81622c3e44e6555e1fbe322b368ec31/ty-0.0.84-py3-none-manylinux_2_17_s390x.manylinux2014_s390x.whl", hash = "sha256:b92400494ab855cfb1204ac1101e3f53b2d09a8e21d171758b2cf9acdab1809e", size = 14748260, upload-time = "2026-09-24T13:15:52.713Z" },
    { url = "https://files.pythonhosted.org/packages/60/d5/32cd67aedb271f006e716ad093806c96c5d7e2af86be8255469dbd3d76c8/ty-0.0.84-py3-none-manylinux_2_17_x86_64.manylinux2014_x86_64.whl", hash = "sha256:af17eb391ae3027fed9be1780bea555c2b8a25ba68e184c627b4981b2c9eaab7", size = 14205858, upload-time = "2026-09-24T13:15:55.677Z" },
    { url = "https://files.pythonhosted.org/packages/43/c4/638ac62ca2e8eca1b92e3e16273085744fada728b993500819b5c258ca15/ty-0.0.84-py3-none-manylinux_2_31_riscv64.whl", hash = "sha256:44cf06af0e7ec78ea6d8ff33a3450fc19627756a4fba681f7410d4e3ef63047a", size = 14573196, upload-time = "2026-09-24T13:15:59.165Z" },
    { url = "https://files.pythonhosted.org/packages/a6/f6/9ee81c5d8921e5fd5f10889ae563c95cd3272b31df2ada528919ca1cef6b/ty-0.0.84-py3-none-musllinux_1_2_aarch64.whl", hash = "sha256:c6e56b443ff9ba462e34bfbc1e582004c2719ed35f8f93a433744b0ba0afb2d9", size = 13480760, upload-time = "2026-09-24T13:16:02.313Z" },
    { url = "https://files.pythonhosted.org/packages/f6/83/fbe5d1177667ae16d84c3242846b143809c9cc09568b333e5a9b4d5908f6/ty-0.0.84-py3-none-musllinux_1_2_armv7l.whl", hash = "sha256:8b6562fcc48820c1030e2a4509ef2c14ef93043ca4860280074314ac3a825b95", size = 13696346, upload-time = "2026-09-24T13:16:05.391Z" },
    { url = "https://files.pythonhosted.org/packages/86/9a/1b4ac9ddc34cc0ab4624bc219825d66af52f1ad87f4778ad08ad03fa06d5/ty-0.0.84-py3-none-musllinux_1_2_i686.whl", hash = "sha256:dee7421451efcbd70f03e95a8f2c8d9e5ec3d35edcd27b4095ee00ee062abfc4", size = 13959410, upload-time = "2026-09-24T13:16:08.661Z" },
    { url = "https://files.pythonhosted.org/packages/c9/04/70e289437a67dfd686056ab4fd91880261a8233033a6a95d29393741fb97/ty-0.0.84-py3-none-musllinux_1_2_x86_64.whl", hash = "sha256:31e96307cf621babe969307dd657783d672e2d8bdbd06493710da635bf63fa07", size = 14350294, upload-time = "2026-09-24T13:16:11.865Z" },
    { url = "https://files.pythonhosted.org/packages/9c/f4/ae7dbd118425c850981d23efb850f0d9d7f6b8d2b852bde2767434f668b4/ty-0.0.84-py3-none-win32.whl", hash = "sha256:4bdc85f91cbaae35825f2b17bb4ac5de0563367875cb0f42b2bf07a1bf7ff2ba", size = 13176439, upload-time = "2026-09-24T13:16:15.049Z" },
    { url = "https://files.pythonhosted.org/packages/29/ec/994d87252f065dda5a500bc8afc726d18f6582d81d6f4ff1feb8a267c800/ty-0.0.84-py3-none-win_amd64.whl", hash = "sha256:71cc9aa7a7c89d4e12c6a814e9c0c3310ad5bee44efedbd6f5a42d91e9ac0f0d", size = 13962879, upload-time = "2026-09-24T13:16:18.191Z" },
    { url = "https://files.pythonhosted.org/packages/6d/1c/e6e91852b72566b1ab9aca504712857dfb89324c12092a5bd61d42d34427/ty-0.0.84-py3-none-win_arm64.whl", hash = "sha256:6c9d3718c4a0d318bc9c92af9b2aa85c3294e7dff54cf1d69ad79568f56516da", size = 13656453, upload-time = "2026-09-24T13:16:21.51Z" },
]

[[package]]
name = "typing-extensions"
version = "4.16.0"
source = { registry = "https://pypi.org/simple" }
sdist = { url = "https://files.pythonhosted.org/packages/f6/cc/6253133b5bb138fc3306cebfbda2c520f545d36b5be2c7255cc528bb45d6/typing_extensions-4.16.0.tar.gz", hash = "sha256:dc983d19a509c94dba722ee6abd33940f7c05a89e243c47e907eb4db6f1a43e5", size = 113555, upload-time = "2026-07-02T08:40:05.92Z" }
wheels = [
    { url = "https://files.pythonhosted.org/packages/49/d3/b8441a820a491ddfc024b0b0cf0393375b75ea13866d9c66727e54c2fc80/typing_extensions-4.16.0-py3-none-any.whl", hash = "sha256:481caa481374e813c1b176ada14e97f1f67a4539ce9cfeb3f350d78d6370c2e8", size = 45571, upload-time = "2026-07-02T08:40:04.659Z" },
]
